Microsoft Visual Studio Solution File, Format Version 12.00
# Visual Studio Version 17
VisualStudioVersion = 17.5.2.0
MinimumVisualStudioVersion = 10.0.40219.1
Project("{2150E333-8FDC-42A3-9474-1A3956D46DE8}") = "PersonAccountApp", "PersonAccountApp", "{2CB3D9A0-162C-2C21-A154-8D44EDB9182B}"
EndProject
Project("{FAE04EC0-301F-11D3-BF4B-00C04F79EFBC}") = "backend", "PersonAccountApp\backend\backend.csproj", "{A6A7A27A-A39D-2E83-878D-4B6B8E048246}"
EndProject
Global
	GlobalSection(SolutionConfigurationPlatforms) = preSolution
		Debug|Any CPU = Debug|Any CPU
		Release|Any CPU = Release|Any CPU
	EndGlobalSection
	GlobalSection(ProjectConfigurationPlatforms) = postSolution
		{A6A7A27A-A39D-2E83-878D-4B6B8E048246}.Debug|Any CPU.ActiveCfg = Debug|Any CPU
		{A6A7A27A-A39D-2E83-878D-4B6B8E048246}.Debug|Any CPU.Build.0 = Debug|Any CPU
		{A6A7A27A-A39D-2E83-878D-4B6B8E048246}.Release|Any CPU.ActiveCfg = Release|Any CPU
		{A6A7A27A-A39D-2E83-878D-4B6B8E048246}.Release|Any CPU.Build.0 = Release|Any CPU
	EndGlobalSection
	GlobalSection(SolutionProperties) = preSolution
		HideSolutionNode = FALSE
	EndGlobalSection
	GlobalSection(NestedProjects) = preSolution
		{A6A7A27A-A39D-2E83-878D-4B6B8E048246} = {2CB3D9A0-162C-2C21-A154-8D44EDB9182B}
	EndGlobalSection
	GlobalSection(ExtensibilityGlobals) = postSolution
		SolutionGuid = {85488811-2D92-46E9-B513-909E716FAEC6}
	EndGlobalSection
EndGlobal
